PODS:
  - exif (0.0.1):
    - Flutter
    - SYPictureMetadata (~> 1.4)
  - Flutter (1.0.0)
  - flutter_plugin_android_lifecycle (0.0.1):
    - Flutter
  - image_picker (0.0.1):
    - Flutter
  - Mantle (2.1.1):
    - Mantle/extobjc (= 2.1.1)
  - Mantle/extobjc (2.1.1)
  - path_provider (0.0.1):
    - Flutter
  - SYPictureMetadata (1.4.3):
    - Mantle

DEPENDENCIES:
  - exif (from `.symlinks/plugins/exif/ios`)
  - Flutter (from `Flutter`)
  - flutter_plugin_android_lifecycle (from `.symlinks/plugins/flutter_plugin_android_lifecycle/ios`)
  - image_picker (from `.symlinks/plugins/image_picker/ios`)
  - path_provider (from `.symlinks/plugins/path_provider/ios`)

SPEC REPOS:
  trunk:
    - Mantle
    - SYPictureMetadata

EXTERNAL SOURCES:
  exif:
    :path: ".symlinks/plugins/exif/ios"
  Flutter:
    :path: Flutter
  flutter_plugin_android_lifecycle:
    :path: ".symlinks/plugins/flutter_plugin_android_lifecycle/ios"
  image_picker:
    :path: ".symlinks/plugins/image_picker/ios"
  path_provider:
    :path: ".symlinks/plugins/path_provider/ios"

SPEC CHECKSUMS:
  exif: f14e49c03111aebae0b0cd07fb179a5ad22e38df
  Flutter: 0e3d915762c693b495b44d77113d4970485de6ec
  flutter_plugin_android_lifecycle: 47de533a02850f070f5696a623995e93eddcdb9b
  image_picker: e3eacd46b94694dde7cf2705955cece853aa1a8f
  Mantle: 35238ae6f2e2b2d474fa7b67fee82a59fea71915
  path_provider: fb74bd0465e96b594bb3b5088ee4a4e7bb1f2a9d
  SYPictureMetadata: fa35cbfdd9089241dfe5c798a11504546c5255e9

PODFILE CHECKSUM: 1b66dae606f75376c5f2135a8290850eeb09ae83

COCOAPODS: 1.8.4
